// !$*UTF8*$!
{
	archiveVersion = 1;
	classes = {
	};
	objectVersion = 46;
	objects = {

/* Begin PBXBuildFile section */
		D3950F9B1D26BD9900CCB477 /* GoogleMobileAds.framework in Frameworks */ = {isa = PBXBuildFile; fileRef = D3950F9A1D26BD9900CCB477 /* GoogleMobileAds.framework */; };
		D3950F9D1D26BF7D00CCB477 /* AVFoundation.framework in Frameworks */ = {isa = PBXBuildFile; fileRef = D3950F9C1D26BF7D00CCB477 /* AVFoundation.framework */; };
		D3950F9F1D26BF8300CCB477 /* AVKit.framework in Frameworks */ = {isa = PBXBuildFile; fileRef = D3950F9E1D26BF8300CCB477 /* AVKit.framework */; };
		D3950FA11D26BF8900CCB477 /* GameKit.framework in Frameworks */ = {isa = PBXBuildFile; fileRef = D3950FA01D26BF8900CCB477 /* GameKit.framework */; };
		D3950FA51D280CC200CCB477 /* ButtonTapped2.mp3 in Resources */ = {isa = PBXBuildFile; fileRef = D3950FA41D280CC200CCB477 /* ButtonTapped2.mp3 */; };
		D3D686F71D1B7C9000CD1F60 /* AppDelegate.swift in Sources */ = {isa = PBXBuildFile; fileRef = D3D686F61D1B7C9000CD1F60 /* AppDelegate.swift */; };
		D3D686FD1D1B7C9100CD1F60 /* GameViewController.swift in Sources */ = {isa = PBXBuildFile; fileRef = D3D686FC1D1B7C9100CD1F60 /* GameViewController.swift */; };
		D3D687001D1B7C9100CD1F60 /* Main.storyboard in Resources */ = {isa = PBXBuildFile; fileRef = D3D686FE1D1B7C9100CD1F60 /* Main.storyboard */; };
		D3D687021D1B7C9100CD1F60 /* Assets.xcassets in Resources */ = {isa = PBXBuildFile; fileRef = D3D687011D1B7C9100CD1F60 /* Assets.xcassets */; };
		D3D687051D1B7C9100CD1F60 /* LaunchScreen.storyboard in Resources */ = {isa = PBXBuildFile; fileRef = D3D687031D1B7C9100CD1F60 /* LaunchScreen.storyboard */; };
		D3D687101D1B7C9200CD1F60 /* Shift_The_LineTests.swift in Sources */ = {isa = PBXBuildFile; fileRef = D3D6870F1D1B7C9200CD1F60 /* Shift_The_LineTests.swift */; };
		D3D6871B1D1B7C9200CD1F60 /* Shift_The_LineUITests.swift in Sources */ = {isa = PBXBuildFile; fileRef = D3D6871A1D1B7C9200CD1F60 /* Shift_The_LineUITests.swift */; };
		D3D687321D1B7D8A00CD1F60 /* MainMenuScene.swift in Sources */ = {isa = PBXBuildFile; fileRef = D3D687311D1B7D8A00CD1F60 /* MainMenuScene.swift */; };
		D3D687341D1B7D9600CD1F60 /* MainMenuScene.sks in Resources */ = {isa = PBXBuildFile; fileRef = D3D687331D1B7D9600CD1F60 /* MainMenuScene.sks */; };
		D3D6873C1D1C3C1A00CD1F60 /* GameplayScene.swift in Sources */ = {isa = PBXBuildFile; fileRef = D3D6873B1D1C3C1A00CD1F60 /* GameplayScene.swift */; };
		D3D6873E1D1C3C2500CD1F60 /* GameplayScene.sks in Resources */ = {isa = PBXBuildFile; fileRef = D3D6873D1D1C3C2500CD1F60 /* GameplayScene.sks */; };
		D3D687431D1F066F00CD1F60 /* CGFloatExtension.swift in Sources */ = {isa = PBXBuildFile; fileRef = D3D687421D1F066F00CD1F60 /* CGFloatExtension.swift */; };
		D3D687451D1F109A00CD1F60 /* GameoverScene.swift in Sources */ = {isa = PBXBuildFile; fileRef = D3D687441D1F109A00CD1F60 /* GameoverScene.swift */; };
		D3D687471D1F10A400CD1F60 /* GameoverScene.sks in Resources */ = {isa = PBXBuildFile; fileRef = D3D687461D1F10A400CD1F60 /* GameoverScene.sks */; };
		D3D687491D1F1ED700CD1F60 /* GameManager.swift in Sources */ = {isa = PBXBuildFile; fileRef = D3D687481D1F1ED700CD1F60 /* GameManager.swift */; };
		D3D6874F1D2161C600CD1F60 /* Constants.swift in Sources */ = {isa = PBXBuildFile; fileRef = D3D6874E1D2161C600CD1F60 /* Constants.swift */; };
		D3D687551D244C1100CD1F60 /* CorrectSound4.mp3 in Resources */ = {isa = PBXBuildFile; fileRef = D3D687541D244C1100CD1F60 /* CorrectSound4.mp3 */; };
/* End PBXBuildFile section */

/* Begin PBXContainerItemProxy section */
		D3D6870C1D1B7C9200CD1F60 /* PBXContainerItemProxy */ = {
			isa = PBXContainerItemProxy;
			containerPortal = D3D686EB1D1B7C9000CD1F60 /* Project object */;
			proxyType = 1;
			remoteGlobalIDString = D3D686F21D1B7C9000CD1F60;
			remoteInfo = "Shift The Line";
		};
		D3D687171D1B7C9200CD1F60 /* PBXContainerItemProxy */ = {
			isa = PBXContainerItemProxy;
			containerPortal = D3D686EB1D1B7C9000CD1F60 /* Project object */;
			proxyType = 1;
			remoteGlobalIDString = D3D686F21D1B7C9000CD1F60;
			remoteInfo = "Shift The Line";
		};
/* End PBXContainerItemProxy section */

/* Begin PBXFileReference section */
		D3950F9A1D26BD9900CCB477 /* GoogleMobileAds.framework */ = {isa = PBXFileReference; lastKnownFileType = wrapper.framework; path = GoogleMobileAds.framework; sourceTree = "<group>"; };
		D3950F9C1D26BF7D00CCB477 /* AVFoundation.framework */ = {isa = PBXFileReference; lastKnownFileType = wrapper.framework; name = AVFoundation.framework; path = System/Library/Frameworks/AVFoundation.framework; sourceTree = SDKROOT; };
		D3950F9E1D26BF8300CCB477 /* AVKit.framework */ = {isa = PBXFileReference; lastKnownFileType = wrapper.framework; name = AVKit.framework; path = System/Library/Frameworks/AVKit.framework; sourceTree = SDKROOT; };
		D3950FA01D26BF8900CCB477 /* GameKit.framework */ = {isa = PBXFileReference; lastKnownFileType = wrapper.framework; name = GameKit.framework; path = System/Library/Frameworks/GameKit.framework; sourceTree = SDKROOT; };
		D3950FA41D280CC200CCB477 /* ButtonTapped2.mp3 */ = {isa = PBXFileReference; lastKnownFileType = audio.mp3; path = ButtonTapped2.mp3; sourceTree = "<group>"; };
		D3D686F31D1B7C9000CD1F60 /* Shift The Line.app */ = {isa = PBXFileReference; explicitFileType = wrapper.application; includeInIndex = 0; path = "Shift The Line.app"; sourceTree = BUILT_PRODUCTS_DIR; };
		D3D686F61D1B7C9000CD1F60 /* AppDelegate.swift */ = {isa = PBXFileReference; lastKnownFileType = sourcecode.swift; path = AppDelegate.swift; sourceTree = "<group>"; };
		D3D686FC1D1B7C9100CD1F60 /* GameViewController.swift */ = {isa = PBXFileReference; lastKnownFileType = sourcecode.swift; path = GameViewController.swift; sourceTree = "<group>"; };
		D3D686FF1D1B7C9100CD1F60 /* Base */ = {isa = PBXFileReference; lastKnownFileType = file.storyboard; name = Base; path = Base.lproj/Main.storyboard; sourceTree = "<group>"; };
		D3D687011D1B7C9100CD1F60 /* Assets.xcassets */ = {isa = PBXFileReference; lastKnownFileType = folder.assetcatalog; path = Assets.xcassets; sourceTree = "<group>"; };
		D3D687041D1B7C9100CD1F60 /* Base */ = {isa = PBXFileReference; lastKnownFileType = file.storyboard; name = Base; path = Base.lproj/LaunchScreen.storyboard; sourceTree = "<group>"; };
		D3D687061D1B7C9100CD1F60 /* Info.plist */ = {isa = PBXFileReference; lastKnownFileType = text.plist.xml; path = Info.plist; sourceTree = "<group>"; };
		D3D6870B1D1B7C9200CD1F60 /* Shift The LineTests.xctest */ = {isa = PBXFileReference; explicitFileType = wrapper.cfbundle; includeInIndex = 0; path = "Shift The LineTests.xctest"; sourceTree = BUILT_PRODUCTS_DIR; };
		D3D6870F1D1B7C9200CD1F60 /* Shift_The_LineTests.swift */ = {isa = PBXFileReference; lastKnownFileType = sourcecode.swift; path = Shift_The_LineTests.swift; sourceTree = "<group>"; };
		D3D687111D1B7C9200CD1F60 /* Info.plist */ = {isa = PBXFileReference; lastKnownFileType = text.plist.xml; path = Info.plist; sourceTree = "<group>"; };
		D3D687161D1B7C9200CD1F60 /* Shift The LineUITests.xctest */ = {isa = PBXFileReference; explicitFileType = wrapper.cfbundle; includeInIndex = 0; path = "Shift The LineUITests.xctest"; sourceTree = BUILT_PRODUCTS_DIR; };
		D3D6871A1D1B7C9200CD1F60 /* Shift_The_LineUITests.swift */ = {isa = PBXFileReference; lastKnownFileType = sourcecode.swift; path = Shift_The_LineUITests.swift; sourceTree = "<group>"; };
		D3D6871C1D1B7C9200CD1F60 /* Info.plist */ = {isa = PBXFileReference; lastKnownFileType = text.plist.xml; path = Info.plist; sourceTree = "<group>"; };
		D3D687311D1B7D8A00CD1F60 /* MainMenuScene.swift */ = {isa = PBXFileReference; fileEncoding = 4; lastKnownFileType = sourcecode.swift; path = MainMenuScene.swift; sourceTree = "<group>"; };
		D3D687331D1B7D9600CD1F60 /* MainMenuScene.sks */ = {isa = PBXFileReference; lastKnownFileType = file.sks; path = MainMenuScene.sks; sourceTree = "<group>"; };
		D3D6873B1D1C3C1A00CD1F60 /* GameplayScene.swift */ = {isa = PBXFileReference; fileEncoding = 4; lastKnownFileType = sourcecode.swift; path = GameplayScene.swift; sourceTree = "<group>"; };
		D3D6873D1D1C3C2500CD1F60 /* GameplayScene.sks */ = {isa = PBXFileReference; lastKnownFileType = file.sks; path = GameplayScene.sks; sourceTree = "<group>"; };
		D3D687421D1F066F00CD1F60 /* CGFloatExtension.swift */ = {isa = PBXFileReference; fileEncoding = 4; lastKnownFileType = sourcecode.swift; path = CGFloatExtension.swift; sourceTree = "<group>"; };
		D3D687441D1F109A00CD1F60 /* GameoverScene.swift */ = {isa = PBXFileReference; fileEncoding = 4; lastKnownFileType = sourcecode.swift; path = GameoverScene.swift; sourceTree = "<group>"; };
		D3D687461D1F10A400CD1F60 /* GameoverScene.sks */ = {isa = PBXFileReference; lastKnownFileType = file.sks; path = GameoverScene.sks; sourceTree = "<group>"; };
		D3D687481D1F1ED700CD1F60 /* GameManager.swift */ = {isa = PBXFileReference; fileEncoding = 4; lastKnownFileType = sourcecode.swift; path = GameManager.swift; sourceTree = "<group>"; };
		D3D6874E1D2161C600CD1F60 /* Constants.swift */ = {isa = PBXFileReference; fileEncoding = 4; lastKnownFileType = sourcecode.swift; path = Constants.swift; sourceTree = "<group>"; };
		D3D687541D244C1100CD1F60 /* CorrectSound4.mp3 */ = {isa = PBXFileReference; lastKnownFileType = audio.mp3; path = CorrectSound4.mp3; sourceTree = "<group>"; };
/* End PBXFileReference section */

/* Begin PBXFrameworksBuildPhase section */
		D3D686F01D1B7C9000CD1F60 /* Frameworks */ = {
			isa = PBXFrameworksBuildPhase;
			buildActionMask = 2147483647;
			files = (
				D3950FA11D26BF8900CCB477 /* GameKit.framework in Frameworks */,
				D3950F9F1D26BF8300CCB477 /* AVKit.framework in Frameworks */,
				D3950F9D1D26BF7D00CCB477 /* AVFoundation.framework in Frameworks */,
				D3950F9B1D26BD9900CCB477 /* GoogleMobileAds.framework in Frameworks */,
			);
			runOnlyForDeploymentPostprocessing = 0;
		};
		D3D687081D1B7C9200CD1F60 /* Frameworks */ = {
			isa = PBXFrameworksBuildPhase;
			buildActionMask = 2147483647;
			files = (
			);
			runOnlyForDeploymentPostprocessing = 0;
		};
		D3D687131D1B7C9200CD1F60 /* Frameworks */ = {
			isa = PBXFrameworksBuildPhase;
			buildActionMask = 2147483647;
			files = (
			);
			runOnlyForDeploymentPostprocessing = 0;
		};
/* End PBXFrameworksBuildPhase section */

/* Begin PBXGroup section */
		D3D686EA1D1B7C9000CD1F60 = {
			isa = PBXGroup;
			children = (
				D3950FA01D26BF8900CCB477 /* GameKit.framework */,
				D3950F9E1D26BF8300CCB477 /* AVKit.framework */,
				D3950F9C1D26BF7D00CCB477 /* AVFoundation.framework */,
				D3950F9A1D26BD9900CCB477 /* GoogleMobileAds.framework */,
				D3D686F51D1B7C9000CD1F60 /* Shift The Line */,
				D3D6874D1D2161B700CD1F60 /* Constants */,
				D3D6872D1D1B7D3000CD1F60 /* Game Manager */,
				D3D6873F1D1F064A00CD1F60 /* Extensions */,
				D3D687291D1B7D0E00CD1F60 /* Classes */,
				D3D6872A1D1B7D1600CD1F60 /* Scenes */,
				D3D6872B1D1B7D1B00CD1F60 /* Assets */,
				D3D6872C1D1B7D2700CD1F60 /* Fonts */,
				D3D6870E1D1B7C9200CD1F60 /* Shift The LineTests */,
				D3D687191D1B7C9200CD1F60 /* Shift The LineUITests */,
				D3D686F41D1B7C9000CD1F60 /* Products */,
			);
			sourceTree = "<group>";
		};
		D3D686F41D1B7C9000CD1F60 /* Products */ = {
			isa = PBXGroup;
			children = (
				D3D686F31D1B7C9000CD1F60 /* Shift The Line.app */,
				D3D6870B1D1B7C9200CD1F60 /* Shift The LineTests.xctest */,
				D3D687161D1B7C9200CD1F60 /* Shift The LineUITests.xctest */,
			);
			name = Products;
			sourceTree = "<group>";
		};
		D3D686F51D1B7C9000CD1F60 /* Shift The Line */ = {
			isa = PBXGroup;
			children = (
				D3D686F61D1B7C9000CD1F60 /* AppDelegate.swift */,
				D3D686FC1D1B7C9100CD1F60 /* GameViewController.swift */,
				D3D686FE1D1B7C9100CD1F60 /* Main.storyboard */,
				D3D687011D1B7C9100CD1F60 /* Assets.xcassets */,
				D3D687031D1B7C9100CD1F60 /* LaunchScreen.storyboard */,
				D3D687061D1B7C9100CD1F60 /* Info.plist */,
			);
			path = "Shift The Line";
			sourceTree = "<group>";
		};
		D3D6870E1D1B7C9200CD1F60 /* Shift The LineTests */ = {
			isa = PBXGroup;
			children = (
				D3D6870F1D1B7C9200CD1F60 /* Shift_The_LineTests.swift */,
				D3D687111D1B7C9200CD1F60 /* Info.plist */,
			);
			path = "Shift The LineTests";
			sourceTree = "<group>";
		};
		D3D687191D1B7C9200CD1F60 /* Shift The LineUITests */ = {
			isa = PBXGroup;
			children = (
				D3D6871A1D1B7C9200CD1F60 /* Shift_The_LineUITests.swift */,
				D3D6871C1D1B7C9200CD1F60 /* Info.plist */,
			);
			path = "Shift The LineUITests";
			sourceTree = "<group>";
		};
		D3D687291D1B7D0E00CD1F60 /* Classes */ = {
			isa = PBXGroup;
			children = (
				D3D6872E1D1B7D4B00CD1F60 /* Scene Classes */,
			);
			name = Classes;
			sourceTree = "<group>";
		};
		D3D6872A1D1B7D1600CD1F60 /* Scenes */ = {
			isa = PBXGroup;
			children = (
				D3D687331D1B7D9600CD1F60 /* MainMenuScene.sks */,
				D3D6873D1D1C3C2500CD1F60 /* GameplayScene.sks */,
				D3D687461D1F10A400CD1F60 /* GameoverScene.sks */,
			);
			name = Scenes;
			sourceTree = "<group>";
		};
		D3D6872B1D1B7D1B00CD1F60 /* Assets */ = {
			isa = PBXGroup;
			children = (
				D3D6874A1D21616500CD1F60 /* Sounds */,
			);
			name = Assets;
			sourceTree = "<group>";
		};
		D3D6872C1D1B7D2700CD1F60 /* Fonts */ = {
			isa = PBXGroup;
			children = (
			);
			name = Fonts;
			sourceTree = "<group>";
		};
		D3D6872D1D1B7D3000CD1F60 /* Game Manager */ = {
			isa = PBXGroup;
			children = (
				D3D687481D1F1ED700CD1F60 /* GameManager.swift */,
			);
			name = "Game Manager";
			sourceTree = "<group>";
		};
		D3D6872E1D1B7D4B00CD1F60 /* Scene Classes */ = {
			isa = PBXGroup;
			children = (
				D3D687311D1B7D8A00CD1F60 /* MainMenuScene.swift */,
				D3D6873B1D1C3C1A00CD1F60 /* GameplayScene.swift */,
				D3D687441D1F109A00CD1F60 /* GameoverScene.swift */,
			);
			name = "Scene Classes";
			sourceTree = "<group>";
		};
		D3D6873F1D1F064A00CD1F60 /* Extensions */ = {
			isa = PBXGroup;
			children = (
				D3D687421D1F066F00CD1F60 /* CGFloatExtension.swift */,
			);
			name = Extensions;
			sourceTree = "<group>";
		};
		D3D6874A1D21616500CD1F60 /* Sounds */ = {
			isa = PBXGroup;
			children = (
				D3950FA41D280CC200CCB477 /* ButtonTapped2.mp3 */,
				D3D687541D244C1100CD1F60 /* CorrectSound4.mp3 */,
			);
			name = Sounds;
			sourceTree = "<group>";
		};
		D3D6874D1D2161B700CD1F60 /* Constants */ = {
			isa = PBXGroup;
			children = (
				D3D6874E1D2161C600CD1F60 /* Constants.swift */,
			);
			name = Constants;
			sourceTree = "<group>";
		};
/* End PBXGroup section */

/* Begin PBXNativeTarget section */
		D3D686F21D1B7C9000CD1F60 /* Shift The Line */ = {
			isa = PBXNativeTarget;
			buildConfigurationList = D3D6871F1D1B7C9200CD1F60 /* Build configuration list for PBXNativeTarget "Shift The Line" */;
			buildPhases = (
				D3D686EF1D1B7C9000CD1F60 /* Sources */,
				D3D686F01D1B7C9000CD1F60 /* Frameworks */,
				D3D686F11D1B7C9000CD1F60 /* Resources */,
			);
			buildRules = (
			);
			dependencies = (
			);
			name = "Shift The Line";
			productName = "Shift The Line";
			productReference = D3D686F31D1B7C9000CD1F60 /* Shift The Line.app */;
			productType = "com.apple.product-type.application";
		};
		D3D6870A1D1B7C9200CD1F60 /* Shift The LineTests */ = {
			isa = PBXNativeTarget;
			buildConfigurationList = D3D687221D1B7C9200CD1F60 /* Build configuration list for PBXNativeTarget "Shift The LineTests" */;
			buildPhases = (
				D3D687071D1B7C9200CD1F60 /* Sources */,
				D3D687081D1B7C9200CD1F60 /* Frameworks */,
				D3D687091D1B7C9200CD1F60 /* Resources */,
			);
			buildRules = (
			);
			dependencies = (
				D3D6870D1D1B7C9200CD1F60 /* PBXTargetDependency */,
			);
			name = "Shift The LineTests";
			productName = "Shift The LineTests";
			productReference = D3D6870B1D1B7C9200CD1F60 /* Shift The LineTests.xctest */;
			productType = "com.apple.product-type.bundle.unit-test";
		};
		D3D687151D1B7C9200CD1F60 /* Shift The LineUITests */ = {
			isa = PBXNativeTarget;
			buildConfigurationList = D3D687251D1B7C9200CD1F60 /* Build configuration list for PBXNativeTarget "Shift The LineUITests" */;
			buildPhases = (
				D3D687121D1B7C9200CD1F60 /* Sources */,
				D3D687131D1B7C9200CD1F60 /* Frameworks */,
				D3D687141D1B7C9200CD1F60 /* Resources */,
			);
			buildRules = (
			);
			dependencies = (
				D3D687181D1B7C9200CD1F60 /* PBXTargetDependency */,
			);
			name = "Shift The LineUITests";
			productName = "Shift The LineUITests";
			productReference = D3D687161D1B7C9200CD1F60 /* Shift The LineUITests.xctest */;
			productType = "com.apple.product-type.bundle.ui-testing";
		};
/* End PBXNativeTarget section */

/* Begin PBXProject section */
		D3D686EB1D1B7C9000CD1F60 /* Project object */ = {
			isa = PBXProject;
			attributes = {
				LastSwiftUpdateCheck = 0730;
				LastUpgradeCheck = 0730;
				ORGANIZATIONNAME = codebluapps;
				TargetAttributes = {
					D3D686F21D1B7C9000CD1F60 = {
						CreatedOnToolsVersion = 7.3.1;
						DevelopmentTeam = 4MT66R8K77;
					};
					D3D6870A1D1B7C9200CD1F60 = {
						CreatedOnToolsVersion = 7.3.1;
						TestTargetID = D3D686F21D1B7C9000CD1F60;
					};
					D3D687151D1B7C9200CD1F60 = {
						CreatedOnToolsVersion = 7.3.1;
						TestTargetID = D3D686F21D1B7C9000CD1F60;
					};
				};
			};
			buildConfigurationList = D3D686EE1D1B7C9000CD1F60 /* Build configuration list for PBXProject "Shift The Line" */;
			compatibilityVersion = "Xcode 3.2";
			developmentRegion = English;
			hasScannedForEncodings = 0;
			knownRegions = (
				en,
				Base,
			);
			mainGroup = D3D686EA1D1B7C9000CD1F60;
			productRefGroup = D3D686F41D1B7C9000CD1F60 /* Products */;
			projectDirPath = "";
			projectRoot = "";
			targets = (
				D3D686F21D1B7C9000CD1F60 /* Shift The Line */,
				D3D6870A1D1B7C9200CD1F60 /* Shift The LineTests */,
				D3D687151D1B7C9200CD1F60 /* Shift The LineUITests */,
			);
		};
/* End PBXProject section */

/* Begin PBXResourcesBuildPhase section */
		D3D686F11D1B7C9000CD1F60 /* Resources */ = {
			isa = PBXResourcesBuildPhase;
			buildActionMask = 2147483647;
			files = (
				D3D687051D1B7C9100CD1F60 /* LaunchScreen.storyboard in Resources */,
				D3D687021D1B7C9100CD1F60 /* Assets.xcassets in Resources */,
				D3950FA51D280CC200CCB477 /* ButtonTapped2.mp3 in Resources */,
				D3D687001D1B7C9100CD1F60 /* Main.storyboard in Resources */,
				D3D687551D244C1100CD1F60 /* CorrectSound4.mp3 in Resources */,
				D3D687471D1F10A400CD1F60 /* GameoverScene.sks in Resources */,
				D3D6873E1D1C3C2500CD1F60 /* GameplayScene.sks in Resources */,
				D3D687341D1B7D9600CD1F60 /* MainMenuScene.sks in Resources */,
			);
			runOnlyForDeploymentPostprocessing = 0;
		};
		D3D687091D1B7C9200CD1F60 /* Resources */ = {
			isa = PBXResourcesBuildPhase;
			buildActionMask = 2147483647;
			files = (
			);
			runOnlyForDeploymentPostprocessing = 0;
		};
		D3D687141D1B7C9200CD1F60 /* Resources */ = {
			isa = PBXResourcesBuildPhase;
			buildActionMask = 2147483647;
			files = (
			);
			runOnlyForDeploymentPostprocessing = 0;
		};
/* End PBXResourcesBuildPhase section */

/* Begin PBXSourcesBuildPhase section */
		D3D686EF1D1B7C9000CD1F60 /* Sources */ = {
			isa = PBXSourcesBuildPhase;
			buildActionMask = 2147483647;
			files = (
				D3D6873C1D1C3C1A00CD1F60 /* GameplayScene.swift in Sources */,
				D3D687431D1F066F00CD1F60 /* CGFloatExtension.swift in Sources */,
				D3D687451D1F109A00CD1F60 /* GameoverScene.swift in Sources */,
				D3D687491D1F1ED700CD1F60 /* GameManager.swift in Sources */,
				D3D686FD1D1B7C9100CD1F60 /* GameViewController.swift in Sources */,
				D3D687321D1B7D8A00CD1F60 /* MainMenuScene.swift in Sources */,
				D3D686F71D1B7C9000CD1F60 /* AppDelegate.swift in Sources */,
				D3D6874F1D2161C600CD1F60 /* Constants.swift in Sources */,
			);
			runOnlyForDeploymentPostprocessing = 0;
		};
		D3D687071D1B7C9200CD1F60 /* Sources */ = {
			isa = PBXSourcesBuildPhase;
			buildActionMask = 2147483647;
			files = (
				D3D687101D1B7C9200CD1F60 /* Shift_The_LineTests.swift in Sources */,
			);
			runOnlyForDeploymentPostprocessing = 0;
		};
		D3D687121D1B7C9200CD1F60 /* Sources */ = {
			isa = PBXSourcesBuildPhase;
			buildActionMask = 2147483647;
			files = (
				D3D6871B1D1B7C9200CD1F60 /* Shift_The_LineUITests.swift in Sources */,
			);
			runOnlyForDeploymentPostprocessing = 0;
		};
/* End PBXSourcesBuildPhase section */

/* Begin PBXTargetDependency section */
		D3D6870D1D1B7C9200CD1F60 /* PBXTargetDependency */ = {
			isa = PBXTargetDependency;
			target = D3D686F21D1B7C9000CD1F60 /* Shift The Line */;
			targetProxy = D3D6870C1D1B7C9200CD1F60 /* PBXContainerItemProxy */;
		};
		D3D687181D1B7C9200CD1F60 /* PBXTargetDependency */ = {
			isa = PBXTargetDependency;
			target = D3D686F21D1B7C9000CD1F60 /* Shift The Line */;
			targetProxy = D3D687171D1B7C9200CD1F60 /* PBXContainerItemProxy */;
		};
/* End PBXTargetDependency section */

/* Begin PBXVariantGroup section */
		D3D686FE1D1B7C9100CD1F60 /* Main.storyboard */ = {
			isa = PBXVariantGroup;
			children = (
				D3D686FF1D1B7C9100CD1F60 /* Base */,
			);
			name = Main.storyboard;
			sourceTree = "<group>";
		};
		D3D687031D1B7C9100CD1F60 /* LaunchScreen.storyboard */ = {
			isa = PBXVariantGroup;
			children = (
				D3D687041D1B7C9100CD1F60 /* Base */,
			);
			name = LaunchScreen.storyboard;
			sourceTree = "<group>";
		};
/* End PBXVariantGroup section */

/* Begin XCBuildConfiguration section */
		D3D6871D1D1B7C9200CD1F60 /* Debug */ = {
			isa = XCBuildConfiguration;
			buildSettings = {
				ALWAYS_SEARCH_USER_PATHS = NO;
				CLANG_ANALYZER_NONNULL = YES;
				CLANG_CXX_LANGUAGE_STANDARD = "gnu++0x";
				CLANG_CXX_LIBRARY = "libc++";
				CLANG_ENABLE_MODULES = YES;
				CLANG_ENABLE_OBJC_ARC = YES;
				CLANG_WARN_BOOL_CONVERSION = YES;
				CLANG_WARN_CONSTANT_CONVERSION = YES;
				CLANG_WARN_DIRECT_OBJC_ISA_USAGE = YES_ERROR;
				CLANG_WARN_EMPTY_BODY = YES;
				CLANG_WARN_ENUM_CONVERSION = YES;
				CLANG_WARN_INT_CONVERSION = YES;
				CLANG_WARN_OBJC_ROOT_CLASS = YES_ERROR;
				CLANG_WARN_UNREACHABLE_CODE = YES;
				CLANG_WARN__DUPLICATE_METHOD_MATCH = YES;
				"CODE_SIGN_IDENTITY[sdk=iphoneos*]" = "iPhone Developer";
				COPY_PHASE_STRIP = NO;
				DEBUG_INFORMATION_FORMAT = "dwarf-with-dsym";
				ENABLE_STRICT_OBJC_MSGSEND = YES;
				ENABLE_TESTABILITY = YES;
				GCC_C_LANGUAGE_STANDARD = gnu99;
				GCC_DYNAMIC_NO_PIC = NO;
				GCC_NO_COMMON_BLOCKS = YES;
				GCC_OPTIMIZATION_LEVEL = 0;
				GCC_PREPROCESSOR_DEFINITIONS = (
					"DEBUG=1",
					"$(inherited)",
				);
				GCC_WARN_64_TO_32_BIT_CONVERSION = YES;
				GCC_WARN_ABOUT_RETURN_TYPE = YES_ERROR;
				GCC_WARN_UNDECLARED_SELECTOR = YES;
				GCC_WARN_UNINITIALIZED_AUTOS = YES_AGGRESSIVE;
				GCC_WARN_UNUSED_FUNCTION = YES;
				GCC_WARN_UNUSED_VARIABLE = YES;
				IPHONEOS_DEPLOYMENT_TARGET = 9.3;
				MTL_ENABLE_DEBUG_INFO = YES;
				ONLY_ACTIVE_ARCH = YES;
				SDKROOT = iphoneos;
				SWIFT_OPTIMIZATION_LEVEL = "-Onone";
			};
			name = Debug;
		};
		D3D6871E1D1B7C9200CD1F60 /* Release */ = {
			isa = XCBuildConfiguration;
			buildSettings = {
				ALWAYS_SEARCH_USER_PATHS = NO;
				CLANG_ANALYZER_NONNULL = YES;
				CLANG_CXX_LANGUAGE_STANDARD = "gnu++0x";
				CLANG_CXX_LIBRARY = "libc++";
				CLANG_ENABLE_MODULES = YES;
				CLANG_ENABLE_OBJC_ARC = YES;
				CLANG_WARN_BOOL_CONVERSION = YES;
				CLANG_WARN_CONSTANT_CONVERSION = YES;
				CLANG_WARN_DIRECT_OBJC_ISA_USAGE = YES_ERROR;
				CLANG_WARN_EMPTY_BODY = YES;
				CLANG_WARN_ENUM_CONVERSION = YES;
				CLANG_WARN_INT_CONVERSION = YES;
				CLANG_WARN_OBJC_ROOT_CLASS = YES_ERROR;
				CLANG_WARN_UNREACHABLE_CODE = YES;
				CLANG_WARN__DUPLICATE_METHOD_MATCH = YES;
				"CODE_SIGN_IDENTITY[sdk=iphoneos*]" = "iPhone Developer";
				COPY_PHASE_STRIP = NO;
				DEBUG_INFORMATION_FORMAT = "dwarf-with-dsym";
				ENABLE_NS_ASSERTIONS = NO;
				ENABLE_STRICT_OBJC_MSGSEND = YES;
				GCC_C_LANGUAGE_STANDARD = gnu99;
				GCC_NO_COMMON_BLOCKS = YES;
				GCC_WARN_64_TO_32_BIT_CONVERSION = YES;
				GCC_WARN_ABOUT_RETURN_TYPE = YES_ERROR;
				GCC_WARN_UNDECLARED_SELECTOR = YES;
				GCC_WARN_UNINITIALIZED_AUTOS = YES_AGGRESSIVE;
				GCC_WARN_UNUSED_FUNCTION = YES;
				GCC_WARN_UNUSED_VARIABLE = YES;
				IPHONEOS_DEPLOYMENT_TARGET = 9.3;
				MTL_ENABLE_DEBUG_INFO = NO;
				SDKROOT = iphoneos;
				VALIDATE_PRODUCT = YES;
			};
			name = Release;
		};
		D3D687201D1B7C9200CD1F60 /* Debug */ = {
			isa = XCBuildConfiguration;
			buildSettings = {
				ASSETCATALOG_COMPILER_APPICON_NAME = AppIcon;
				CODE_SIGN_IDENTITY = "iPhone Developer";
				FRAMEWORK_SEARCH_PATHS = (
					"$(inherited)",
					"$(PROJECT_DIR)",
				);
				INFOPLIST_FILE = "Shift The Line/Info.plist";
				IPHONEOS_DEPLOYMENT_TARGET = 8.0;
				LD_RUNPATH_SEARCH_PATHS = "$(inherited) @executable_path/Frameworks";
				PRODUCT_BUNDLE_IDENTIFIER = "com.codebluapps.Shift-The-Line";
				PRODUCT_NAME = "$(TARGET_NAME)";
			};
			name = Debug;
		};
		D3D687211D1B7C9200CD1F60 /* Release */ = {
			isa = XCBuildConfiguration;
			buildSettings = {
				ASSETCATALOG_COMPILER_APPICON_NAME = AppIcon;
				CODE_SIGN_IDENTITY = "iPhone Developer";
				FRAMEWORK_SEARCH_PATHS = (
					"$(inherited)",
					"$(PROJECT_DIR)",
				);
				INFOPLIST_FILE = "Shift The Line/Info.plist";
				IPHONEOS_DEPLOYMENT_TARGET = 8.0;
				LD_RUNPATH_SEARCH_PATHS = "$(inherited) @executable_path/Frameworks";
				PRODUCT_BUNDLE_IDENTIFIER = "com.codebluapps.Shift-The-Line";
				PRODUCT_NAME = "$(TARGET_NAME)";
			};
			name = Release;
		};
		D3D687231D1B7C9200CD1F60 /* Debug */ = {
			isa = XCBuildConfiguration;
			buildSettings = {
				BUNDLE_LOADER = "$(TEST_HOST)";
				DEBUG_INFORMATION_FORMAT = dwarf;
				INFOPLIST_FILE = "Shift The LineTests/Info.plist";
				LD_RUNPATH_SEARCH_PATHS = "$(inherited) @executable_path/Frameworks @loader_path/Frameworks";
				PRODUCT_BUNDLE_IDENTIFIER = "com.codebluapps.Shift-The-LineTests";
				PRODUCT_NAME = "$(TARGET_NAME)";
				TEST_HOST = "$(BUILT_PRODUCTS_DIR)/Shift The Line.app/Shift The Line";
			};
			name = Debug;
		};
		D3D687241D1B7C9200CD1F60 /* Release */ = {
			isa = XCBuildConfiguration;
			buildSettings = {
				BUNDLE_LOADER = "$(TEST_HOST)";
				INFOPLIST_FILE = "Shift The LineTests/Info.plist";
				LD_RUNPATH_SEARCH_PATHS = "$(inherited) @executable_path/Frameworks @loader_path/Frameworks";
				PRODUCT_BUNDLE_IDENTIFIER = "com.codebluapps.Shift-The-LineTests";
				PRODUCT_NAME = "$(TARGET_NAME)";
				TEST_HOST = "$(BUILT_PRODUCTS_DIR)/Shift The Line.app/Shift The Line";
			};
			name = Release;
		};
		D3D687261D1B7C9200CD1F60 /* Debug */ = {
			isa = XCBuildConfiguration;
			buildSettings = {
				DEBUG_INFORMATION_FORMAT = dwarf;
				INFOPLIST_FILE = "Shift The LineUITests/Info.plist";
				LD_RUNPATH_SEARCH_PATHS = "$(inherited) @executable_path/Frameworks @loader_path/Frameworks";
				PRODUCT_BUNDLE_IDENTIFIER = "com.codebluapps.Shift-The-LineUITests";
				PRODUCT_NAME = "$(TARGET_NAME)";
				TEST_TARGET_NAME = "Shift The Line";
			};
			name = Debug;
		};
		D3D687271D1B7C9200CD1F60 /* Release */ = {
			isa = XCBuildConfiguration;
			buildSettings = {
				INFOPLIST_FILE = "Shift The LineUITests/Info.plist";
				LD_RUNPATH_SEARCH_PATHS = "$(inherited) @executable_path/Frameworks @loader_path/Frameworks";
				PRODUCT_BUNDLE_IDENTIFIER = "com.codebluapps.Shift-The-LineUITests";
				PRODUCT_NAME = "$(TARGET_NAME)";
				TEST_TARGET_NAME = "Shift The Line";
			};
			name = Release;
		};
/* End XCBuildConfiguration section */

/* Begin XCConfigurationList section */
		D3D686EE1D1B7C9000CD1F60 /* Build configuration list for PBXProject "Shift The Line" */ = {
			isa = XCConfigurationList;
			buildConfigurations = (
				D3D6871D1D1B7C9200CD1F60 /* Debug */,
				D3D6871E1D1B7C9200CD1F60 /* Release */,
			);
			defaultConfigurationIsVisible = 0;
			defaultConfigurationName = Release;
		};
		D3D6871F1D1B7C9200CD1F60 /* Build configuration list for PBXNativeTarget "Shift The Line" */ = {
			isa = XCConfigurationList;
			buildConfigurations = (
				D3D687201D1B7C9200CD1F60 /* Debug */,
				D3D687211D1B7C9200CD1F60 /* Release */,
			);
			defaultConfigurationIsVisible = 0;
			defaultConfigurationName = Release;
		};
		D3D687221D1B7C9200CD1F60 /* Build configuration list for PBXNativeTarget "Shift The LineTests" */ = {
			isa = XCConfigurationList;
			buildConfigurations = (
				D3D687231D1B7C9200CD1F60 /* Debug */,
				D3D687241D1B7C9200CD1F60 /* Release */,
			);
			defaultConfigurationIsVisible = 0;
			defaultConfigurationName = Release;
		};
		D3D687251D1B7C9200CD1F60 /* Build configuration list for PBXNativeTarget "Shift The LineUITests" */ = {
			isa = XCConfigurationList;
			buildConfigurations = (
				D3D687261D1B7C9200CD1F60 /* Debug */,
				D3D687271D1B7C9200CD1F60 /* Release */,
			);
			defaultConfigurationIsVisible = 0;
			defaultConfigurationName = Release;
		};
/* End XCConfigurationList section */
	};
	rootObject = D3D686EB1D1B7C9000CD1F60 /* Project object */;
}
